
Microsoft Visual Studio Solution File, Format Version 11.00
# Visual Studio 2010
Project("{FAE04EC0-301F-11D3-BF4B-00C04F79EFBC}") = "MovieLibrary", "MovieLibrary\MovieLibrary.csproj", "{FEE64656-6A12-4B23-9A26-6348BFC69F44}"
EndProject
Project("{FAE04EC0-301F-11D3-BF4B-00C04F79EFBC}") = "MovieLibrary.Test", "MovieLibrary.Test\MovieLibrary.Test.csproj", "{61334B2F-5EF2-42E3-8959-317582087B6A}"
EndProject
Project("{2150E333-8FDC-42A3-9474-1A3956D46DE8}") = "Solution Items", "Solution Items", "{50776936-56F0-462A-BDE0-D74D7E14E9CA}"
	ProjectSection(SolutionItems) = preProject
		MovieLibrary.vsmdi = MovieLibrary.vsmdi
		TraceAndTestImpact.testsettings = TraceAndTestImpact.testsettings
	EndProjectSection
EndProject
Global
	GlobalSection(TestCaseManagementSettings) = postSolution
		CategoryFile = MovieLibrary.vsmdi
	EndGlobalSection
	GlobalSection(SolutionConfigurationPlatforms) = preSolution
		Debug|Any CPU = Debug|Any CPU
		Release|Any CPU = Release|Any CPU
	EndGlobalSection
	GlobalSection(ProjectConfigurationPlatforms) = postSolution
		{FEE64656-6A12-4B23-9A26-6348BFC69F44}.Debug|Any CPU.ActiveCfg = Debug|Any CPU
		{FEE64656-6A12-4B23-9A26-6348BFC69F44}.Debug|Any CPU.Build.0 = Debug|Any CPU
		{FEE64656-6A12-4B23-9A26-6348BFC69F44}.Release|Any CPU.ActiveCfg = Release|Any CPU
		{FEE64656-6A12-4B23-9A26-6348BFC69F44}.Release|Any CPU.Build.0 = Release|Any CPU
		{61334B2F-5EF2-42E3-8959-317582087B6A}.Debug|Any CPU.ActiveCfg = Debug|Any CPU
		{61334B2F-5EF2-42E3-8959-317582087B6A}.Debug|Any CPU.Build.0 = Debug|Any CPU
		{61334B2F-5EF2-42E3-8959-317582087B6A}.Release|Any CPU.ActiveCfg = Release|Any CPU
		{61334B2F-5EF2-42E3-8959-317582087B6A}.Release|Any CPU.Build.0 = Release|Any CPU
	EndGlobalSection
	GlobalSection(SolutionProperties) = preSolution
		HideSolutionNode = FALSE
	EndGlobalSection
EndGlobal
